PODS:
  - Alamofire (4.5.0)
  - Masonry (1.0.2)
  - MJExtension (3.0.13)
  - MJRefresh (3.1.12)
  - SDWebImage (3.8.2):
    - SDWebImage/Core (= 3.8.2)
  - SDWebImage/Core (3.8.2)
  - SVProgressHUD (2.1.2)
  - SwiftTheme (0.3.3)
  - UMengUShare/Core (6.4.4):
    - UMengUShare/Network
  - UMengUShare/Network (6.4.4)
  - UMengUShare/Social/ReducedSina (6.4.4):
    - UMengUShare/Core
  - UMengUShare/UI (6.4.4):
    - UMengUShare/Core
  - ViewDeck (3.1.0)
  - YYCache (1.0.4)

DEPENDENCIES:
  - Alamofire (~> 4.4)
  - Masonry
  - MJExtension
  - MJRefresh
  - SDWebImage (~> 3.8)
  - SVProgressHUD
  - SwiftTheme
  - UMengUShare/Social/ReducedSina
  - UMengUShare/UI
  - ViewDeck
  - YYCache

SPEC CHECKSUMS:
  Alamofire: f28cdffd29de33a7bfa022cbd63ae95a27fae140
  Masonry: 7c429b56da9d4ee0bbb3ed77a5ea710d6a5df39e
  MJExtension: 5932755f451458eefa24239358817f8d291240c7
  MJRefresh: b96cdb21c4aa75a7b07654311ab2f315c497e806
  SDWebImage: 098e97e6176540799c27e804c96653ee0833d13c
  SVProgressHUD: c404a55d78acbeb7ebb78b76d3faf986475a6994
  SwiftTheme: 85f84747a48749b5b3df7c3e96fc0b1d45677d30
  UMengUShare: cd54ae52958426b79aa9193a7b02058d6a6d9aa0
  ViewDeck: 942d90dd23c9f97cc8038be352255378167edcca
  YYCache: 8105b6638f5e849296c71f331ff83891a4942952

PODFILE CHECKSUM: 24041e780282d7e37f7bb0ef753dfd81c40fa461

COCOAPODS: 1.2.1
